
Microsoft Visual Studio Solution File, Format Version 12.00
# Visual Studio Version 17
VisualStudioVersion = 17.3.32825.248
MinimumVisualStudioVersion = 10.0.40219.1
Project("{9A19103F-16F7-4668-BE54-9A1E7A4F7556}") = "VL.Devices.AzureKinect", "VL.Devices.AzureKinect\VL.Devices.AzureKinect.csproj", "{7A9F6D94-66F1-4380-B857-7C38F5AF3EB8}"
EndProject
Global
	GlobalSection(SolutionConfigurationPlatforms) = preSolution
		Debug|x64 = Debug|x64
		Release|x64 = Release|x64
	EndGlobalSection
	GlobalSection(ProjectConfigurationPlatforms) = postSolution
		{7A9F6D94-66F1-4380-B857-7C38F5AF3EB8}.Debug|x64.ActiveCfg = Debug|x64
		{7A9F6D94-66F1-4380-B857-7C38F5AF3EB8}.Debug|x64.Build.0 = Debug|x64
		{7A9F6D94-66F1-4380-B857-7C38F5AF3EB8}.Release|x64.ActiveCfg = Release|x64
		{7A9F6D94-66F1-4380-B857-7C38F5AF3EB8}.Release|x64.Build.0 = Release|x64
	EndGlobalSection
	GlobalSection(SolutionProperties) = preSolution
		HideSolutionNode = FALSE
	EndGlobalSection
	GlobalSection(ExtensibilityGlobals) = postSolution
		SolutionGuid = {AA972968-EF16-491A-AFEF-9FD89E2C6ADB}
	EndGlobalSection
EndGlobal
